PODS:
  - HotKey (0.1.2)
  - Sparkle (1.22.0)

DEPENDENCIES:
  - HotKey
  - Sparkle

SPEC REPOS:
  https://github.com/CocoaPods/Specs.git:
    - Sparkle
  trunk:
    - HotKey

SPEC CHECKSUMS:
  HotKey: ad59450195936c10992438c4210f673de5aee43e
  Sparkle: 593ac2e677c07bcb6c3b22d621240e7cbedaab57

PODFILE CHECKSUM: b863336650077d91184235d1730e4258ff89affc

COCOAPODS: 1.10.0
