PODS:
  - HotKey (0.1.2)
  - Sparkle (1.27.1)

DEPENDENCIES:
  - HotKey
  - Sparkle (< 2.0)

SPEC REPOS:
  trunk:
    - HotKey
    - Sparkle

SPEC CHECKSUMS:
  HotKey: ad59450195936c10992438c4210f673de5aee43e
  Sparkle: 23f98b268284c8c03e6228230fc8f1807ef041d5

PODFILE CHECKSUM: f175dea48c0b740390855df12e26baeaaf48767a

COCOAPODS: 1.11.3
